{
  "version": 4,
  "terraform_version": "0.12.25",
  "serial": 45,
  "lineage": "f8d4c909-a3e2-33ef-8b69-c8e406a5fef9",
  "outputs": {},
  "resources": [
    {
      "mode": "managed",
      "type": "aws_instance",
      "name": "NodeJSApp",
      "provider": "provider.aws",
      "instances": [
        {
          "schema_version": 1,
          "attributes": {
            "ami": "ami-03686c686b463366b",
            "arn": "arn:aws:ec2:ap-southeast-2:107658811397:instance/i-09944e444aeff7469",
            "associate_public_ip_address": true,
            "availability_zone": "ap-southeast-2a",
            "cpu_core_count": 1,
            "cpu_threads_per_core": 1,
            "credit_specification": [
              {
                "cpu_credits": "standard"
              }
            ],
            "disable_api_termination": false,
            "ebs_block_device": [],
            "ebs_optimized": false,
            "ephemeral_block_device": [],
            "get_password_data": false,
            "hibernation": false,
            "host_id": null,
            "iam_instance_profile": "DDPMNodeJSRole",
            "id": "i-09944e444aeff7469",
            "instance_initiated_shutdown_behavior": null,
            "instance_state": "shutting-down",
            "instance_type": "t2.micro",
            "ipv6_address_count": 0,
            "ipv6_addresses": [],
            "key_name": "ddpm_keypair_arno",
            "metadata_options": [
              {
                "http_endpoint": "enabled",
                "http_put_response_hop_limit": 1,
                "http_tokens": "optional"
              }
            ],
            "monitoring": false,
            "network_interface": [],
            "network_interface_id": null,
            "outpost_arn": "",
            "password_data": "",
            "placement_group": "",
            "primary_network_interface_id": "eni-0a4b0f2d1e34b93e0",
            "private_dns": "ip-172-31-6-85.ap-southeast-2.compute.internal",
            "private_ip": "172.31.6.85",
            "public_dns": "ec2-13-55-206-243.ap-southeast-2.compute.amazonaws.com",
            "public_ip": "13.55.206.243",
            "root_block_device": [
              {
                "delete_on_termination": true,
                "device_name": "/dev/xvda",
                "encrypted": false,
                "iops": 100,
                "kms_key_id": "",
                "volume_id": "vol-082e40a3de1e30a0e",
                "volume_size": 8,
                "volume_type": "gp2"
              }
            ],
            "security_groups": [
              "VPCEverything"
            ],
            "source_dest_check": true,
            "subnet_id": "subnet-e6674d82",
            "tags": {
              "Name": "NodeJSApp",
              "Product": "Docker Nginx and Node"
            },
            "tenancy": "default",
            "timeouts": null,
            "user_data": null,
            "user_data_base64": null,
            "volume_tags": {},
            "vpc_security_group_ids": [
              "sg-45f6f322"
            ]
          },
          "private": "eyJlMmJmYjczMC1lY2FhLTExZTYtOGY4OC0zNDM2M2JjN2M0YzAiOnsiY3JlYXRlIjo2MDAwMDAwMDAwMDAsImRlbGV0ZSI6MTIwMDAwMDAwMDAwMCwidXBkYXRlIjo2MDAwMDAwMDAwMDB9LCJzY2hlbWFfdmVyc2lvbiI6IjEifQ==",
          "dependencies": [
            "aws_key_pair.auth"
          ]
        }
      ]
    },
    {
      "mode": "managed",
      "type": "aws_key_pair",
      "name": "auth",
      "provider": "provider.aws",
      "instances": [
        {
          "schema_version": 1,
          "attributes": {
            "fingerprint": "13:41:68:ed:ea:af:7f:36:f8:08:d6:84:2c:8e:58:71",
            "id": "ddpm_keypair_arno",
            "key_name": "ddpm_keypair_arno",
            "key_name_prefix": null,
            "key_pair_id": "key-072b98b4c7527f346",
            "public_key": "ssh-rsa AAAAB3NzaC1yc2EAAAADAQABAAABgQDb1Z+4t+1HQmiHoNtPtJ/BB1PoX7IkrxRc1W1CfjBBAupoZwu7RAPq7oSHGRNeVvYav9iYOG0Q26g/m+tg/gmoSlgzUQYMpU+LcUxZDoe7BOsrvvj9seWd/+A97bE/XolTag5b2kaI7qNdsv/5XPyNTnG1OwRPBqCDYeIm7WfMCTWUuVgYZa0/H/g64l1ZCAJJom4wOoe+FHj1f5/VDkNkzc9TgACTU0iCrf9YwGvX+MCZOhj9HRbnueORazxQBiuTjW9TLs1VaBfoIuPf2SPIDrJXjnNhDdtySnfW6vNR0ynggUB2M90ZdAazQrFKBqHSaoJV7MMic0aSK8gC0pUHGG3TlYMIFSco+Z9Jhzc0euA87e4SZRO7HFSMNaj6R8mYzo2BOQH/X+qFoLVsylR+ZB/C3fHezp/edJQGajwIGADso4SEtuD2uq2BsY4tUmZNmpMdw+R1jJ3J9sE7veInOKB6eZPWXe7wdFJS9Y4pIRh29nLOYDSVXkWotf5N92c= AU24605+Administrator@AU24605",
            "tags": {}
          },
          "private": "eyJzY2hlbWFfdmVyc2lvbiI6IjEifQ=="
        }
      ]
    },
    {
      "mode": "managed",
      "type": "aws_security_group",
      "name": "allow_web",
      "provider": "provider.aws",
      "instances": [
        {
          "schema_version": 1,
          "attributes": {
            "arn": "arn:aws:ec2:ap-southeast-2:107658811397:security-group/sg-067a728f3e73c7b04",
            "description": "Allow http and ssh inbound traffic",
            "egress": [
              {
                "cidr_blocks": [
                  "0.0.0.0/0"
                ],
                "description": "",
                "from_port": 0,
                "ipv6_cidr_blocks": [],
                "prefix_list_ids": [],
                "protocol": "-1",
                "security_groups": [],
                "self": false,
                "to_port": 0
              }
            ],
            "id": "sg-067a728f3e73c7b04",
            "ingress": [
              {
                "cidr_blocks": [
                  "0.0.0.0/0"
                ],
                "description": "",
                "from_port": 22,
                "ipv6_cidr_blocks": [],
                "prefix_list_ids": [],
                "protocol": "tcp",
                "security_groups": [],
                "self": false,
                "to_port": 22
              },
              {
                "cidr_blocks": [
                  "0.0.0.0/0"
                ],
                "description": "",
                "from_port": 80,
                "ipv6_cidr_blocks": [],
                "prefix_list_ids": [],
                "protocol": "tcp",
                "security_groups": [],
                "self": false,
                "to_port": 80
              }
            ],
            "name": "allow_http",
            "name_prefix": null,
            "owner_id": "107658811397",
            "revoke_rules_on_delete": false,
            "tags": {},
            "timeouts": null,
            "vpc_id": "vpc-dffb96bb"
          },
          "private": "eyJlMmJmYjczMC1lY2FhLTExZTYtOGY4OC0zNDM2M2JjN2M0YzAiOnsiY3JlYXRlIjo2MDAwMDAwMDAwMDAsImRlbGV0ZSI6NjAwMDAwMDAwMDAwfSwic2NoZW1hX3ZlcnNpb24iOiIxIn0="
        }
      ]
    }
  ]
}
